// !$*UTF8*$!
{
	archiveVersion = 1;
	classes = {
	};
	objectVersion = 50;
	objects = {

/* Begin PBXBuildFile section */
		1ED1C2DD720CEAEC1E9E7346 /* Pods_ExampleUITests.framework in Frameworks */ = {isa = PBXBuildFile; fileRef = 43A21D9EBEE0BF5BB9B3BF8A /* Pods_ExampleUITests.framework */; };
		4DB803989AC450075C329878 /* Pods_ExampleTests.framework in Frameworks */ = {isa = PBXBuildFile; fileRef = 06D494025365A7BA25CE259A /* Pods_ExampleTests.framework */; };
		75ED6D83DEB862A5B68191A8 /* Pods_Example.framework in Frameworks */ = {isa = PBXBuildFile; fileRef = B814D64E66323A33D3A6CCC8 /* Pods_Example.framework */; };
		80DE473922A053A20027A525 /* AppDelegate.m in Sources */ = {isa = PBXBuildFile; fileRef = 80DE473822A053A20027A525 /* AppDelegate.m */; };
		80DE473C22A053A20027A525 /* ViewController.m in Sources */ = {isa = PBXBuildFile; fileRef = 80DE473B22A053A20027A525 /* ViewController.m */; };
		80DE473F22A053A20027A525 /* Main.storyboard in Resources */ = {isa = PBXBuildFile; fileRef = 80DE473D22A053A20027A525 /* Main.storyboard */; };
		80DE474122A053A30027A525 /* Assets.xcassets in Resources */ = {isa = PBXBuildFile; fileRef = 80DE474022A053A30027A525 /* Assets.xcassets */; };
		80DE474422A053A30027A525 /* LaunchScreen.storyboard in Resources */ = {isa = PBXBuildFile; fileRef = 80DE474222A053A30027A525 /* LaunchScreen.storyboard */; };
		80DE474722A053A30027A525 /* main.m in Sources */ = {isa = PBXBuildFile; fileRef = 80DE474622A053A30027A525 /* main.m */; };
		80DE475122A053A30027A525 /* ExampleTests.m in Sources */ = {isa = PBXBuildFile; fileRef = 80DE475022A053A30027A525 /* ExampleTests.m */; };
		80DE475C22A053A30027A525 /* ExampleUITests.m in Sources */ = {isa = PBXBuildFile; fileRef = 80DE475B22A053A30027A525 /* ExampleUITests.m */; };
/* End PBXBuildFile section */

/* Begin PBXContainerItemProxy section */
		80DE474D22A053A30027A525 /* PBXContainerItemProxy */ = {
			isa = PBXContainerItemProxy;
			containerPortal = 80DE472C22A053A20027A525 /* Project object */;
			proxyType = 1;
			remoteGlobalIDString = 80DE473322A053A20027A525;
			remoteInfo = Example;
		};
		80DE475822A053A30027A525 /* PBXContainerItemProxy */ = {
			isa = PBXContainerItemProxy;
			containerPortal = 80DE472C22A053A20027A525 /* Project object */;
			proxyType = 1;
			remoteGlobalIDString = 80DE473322A053A20027A525;
			remoteInfo = Example;
		};
/* End PBXContainerItemProxy section */

/* Begin PBXFileReference section */
		06D494025365A7BA25CE259A /* Pods_ExampleTests.framework */ = {isa = PBXFileReference; explicitFileType = wrapper.framework; includeInIndex = 0; path = Pods_ExampleTests.framework; sourceTree = BUILT_PRODUCTS_DIR; };
		43A21D9EBEE0BF5BB9B3BF8A /* Pods_ExampleUITests.framework */ = {isa = PBXFileReference; explicitFileType = wrapper.framework; includeInIndex = 0; path = Pods_ExampleUITests.framework; sourceTree = BUILT_PRODUCTS_DIR; };
		656FD7A7E5CCFC4A7C4F5BF5 /* Pods-ExampleTests.release.xcconfig */ = {isa = PBXFileReference; includeInIndex = 1; lastKnownFileType = text.xcconfig; name = "Pods-ExampleTests.release.xcconfig"; path = "Target Support Files/Pods-ExampleTests/Pods-ExampleTests.release.xcconfig"; sourceTree = "<group>"; };
		80DE473422A053A20027A525 /* Example.app */ = {isa = PBXFileReference; explicitFileType = wrapper.application; includeInIndex = 0; path = Example.app; sourceTree = BUILT_PRODUCTS_DIR; };
		80DE473722A053A20027A525 /* AppDelegate.h */ = {isa = PBXFileReference; lastKnownFileType = sourcecode.c.h; path = AppDelegate.h; sourceTree = "<group>"; };
		80DE473822A053A20027A525 /* AppDelegate.m */ = {isa = PBXFileReference; lastKnownFileType = sourcecode.c.objc; path = AppDelegate.m; sourceTree = "<group>"; };
		80DE473A22A053A20027A525 /* ViewController.h */ = {isa = PBXFileReference; lastKnownFileType = sourcecode.c.h; path = ViewController.h; sourceTree = "<group>"; };
		80DE473B22A053A20027A525 /* ViewController.m */ = {isa = PBXFileReference; lastKnownFileType = sourcecode.c.objc; path = ViewController.m; sourceTree = "<group>"; };
		80DE473E22A053A20027A525 /* Base */ = {isa = PBXFileReference; lastKnownFileType = file.storyboard; name = Base; path = Base.lproj/Main.storyboard; sourceTree = "<group>"; };
		80DE474022A053A30027A525 /* Assets.xcassets */ = {isa = PBXFileReference; lastKnownFileType = folder.assetcatalog; path = Assets.xcassets; sourceTree = "<group>"; };
		80DE474322A053A30027A525 /* Base */ = {isa = PBXFileReference; lastKnownFileType = file.storyboard; name = Base; path = Base.lproj/LaunchScreen.storyboard; sourceTree = "<group>"; };
		80DE474522A053A30027A525 /* Info.plist */ = {isa = PBXFileReference; lastKnownFileType = text.plist.xml; path = Info.plist; sourceTree = "<group>"; };
		80DE474622A053A30027A525 /* main.m */ = {isa = PBXFileReference; lastKnownFileType = sourcecode.c.objc; path = main.m; sourceTree = "<group>"; };
		80DE474C22A053A30027A525 /* ExampleTests.xctest */ = {isa = PBXFileReference; explicitFileType = wrapper.cfbundle; includeInIndex = 0; path = ExampleTests.xctest; sourceTree = BUILT_PRODUCTS_DIR; };
		80DE475022A053A30027A525 /* ExampleTests.m */ = {isa = PBXFileReference; lastKnownFileType = sourcecode.c.objc; path = ExampleTests.m; sourceTree = "<group>"; };
		80DE475222A053A30027A525 /* Info.plist */ = {isa = PBXFileReference; lastKnownFileType = text.plist.xml; path = Info.plist; sourceTree = "<group>"; };
		80DE475722A053A30027A525 /* ExampleUITests.xctest */ = {isa = PBXFileReference; explicitFileType = wrapper.cfbundle; includeInIndex = 0; path = ExampleUITests.xctest; sourceTree = BUILT_PRODUCTS_DIR; };
		80DE475B22A053A30027A525 /* ExampleUITests.m */ = {isa = PBXFileReference; lastKnownFileType = sourcecode.c.objc; path = ExampleUITests.m; sourceTree = "<group>"; };
		80DE475D22A053A30027A525 /* Info.plist */ = {isa = PBXFileReference; lastKnownFileType = text.plist.xml; path = Info.plist; sourceTree = "<group>"; };
		813AE90193EDF0D691D5E5A6 /* Pods-ExampleTests.debug.xcconfig */ = {isa = PBXFileReference; includeInIndex = 1; lastKnownFileType = text.xcconfig; name = "Pods-ExampleTests.debug.xcconfig"; path = "Target Support Files/Pods-ExampleTests/Pods-ExampleTests.debug.xcconfig"; sourceTree = "<group>"; };
		8606631A6103A936E6DA3699 /* Pods-ExampleUITests.debug.xcconfig */ = {isa = PBXFileReference; includeInIndex = 1; lastKnownFileType = text.xcconfig; name = "Pods-ExampleUITests.debug.xcconfig"; path = "Target Support Files/Pods-ExampleUITests/Pods-ExampleUITests.debug.xcconfig"; sourceTree = "<group>"; };
		AF5A97C7E9D251767A3DB3D1 /* Pods-Example.release.xcconfig */ = {isa = PBXFileReference; includeInIndex = 1; lastKnownFileType = text.xcconfig; name = "Pods-Example.release.xcconfig"; path = "Target Support Files/Pods-Example/Pods-Example.release.xcconfig"; sourceTree = "<group>"; };
		B814D64E66323A33D3A6CCC8 /* Pods_Example.framework */ = {isa = PBXFileReference; explicitFileType = wrapper.framework; includeInIndex = 0; path = Pods_Example.framework; sourceTree = BUILT_PRODUCTS_DIR; };
		D5907533DBF1C1B537F88B2A /* Pods-ExampleUITests.release.xcconfig */ = {isa = PBXFileReference; includeInIndex = 1; lastKnownFileType = text.xcconfig; name = "Pods-ExampleUITests.release.xcconfig"; path = "Target Support Files/Pods-ExampleUITests/Pods-ExampleUITests.release.xcconfig"; sourceTree = "<group>"; };
		DB07E699E0DD58E7533E4FD3 /* Pods-Example.debug.xcconfig */ = {isa = PBXFileReference; includeInIndex = 1; lastKnownFileType = text.xcconfig; name = "Pods-Example.debug.xcconfig"; path = "Target Support Files/Pods-Example/Pods-Example.debug.xcconfig"; sourceTree = "<group>"; };
/* End PBXFileReference section */

/* Begin PBXFrameworksBuildPhase section */
		80DE473122A053A20027A525 /* Frameworks */ = {
			isa = PBXFrameworksBuildPhase;
			buildActionMask = 2147483647;
			files = (
				75ED6D83DEB862A5B68191A8 /* Pods_Example.framework in Frameworks */,
			);
			runOnlyForDeploymentPostprocessing = 0;
		};
		80DE474922A053A30027A525 /* Frameworks */ = {
			isa = PBXFrameworksBuildPhase;
			buildActionMask = 2147483647;
			files = (
				4DB803989AC450075C329878 /* Pods_ExampleTests.framework in Frameworks */,
			);
			runOnlyForDeploymentPostprocessing = 0;
		};
		80DE475422A053A30027A525 /* Frameworks */ = {
			isa = PBXFrameworksBuildPhase;
			buildActionMask = 2147483647;
			files = (
				1ED1C2DD720CEAEC1E9E7346 /* Pods_ExampleUITests.framework in Frameworks */,
			);
			runOnlyForDeploymentPostprocessing = 0;
		};
/* End PBXFrameworksBuildPhase section */

/* Begin PBXGroup section */
		4786718461BE341BCF6BAC4D /* Pods */ = {
			isa = PBXGroup;
			children = (
				DB07E699E0DD58E7533E4FD3 /* Pods-Example.debug.xcconfig */,
				AF5A97C7E9D251767A3DB3D1 /* Pods-Example.release.xcconfig */,
				813AE90193EDF0D691D5E5A6 /* Pods-ExampleTests.debug.xcconfig */,
				656FD7A7E5CCFC4A7C4F5BF5 /* Pods-ExampleTests.release.xcconfig */,
				8606631A6103A936E6DA3699 /* Pods-ExampleUITests.debug.xcconfig */,
				D5907533DBF1C1B537F88B2A /* Pods-ExampleUITests.release.xcconfig */,
			);
			name = Pods;
			path = Pods;
			sourceTree = "<group>";
		};
		80DE472B22A053A20027A525 = {
			isa = PBXGroup;
			children = (
				80DE473622A053A20027A525 /* Example */,
				80DE474F22A053A30027A525 /* ExampleTests */,
				80DE475A22A053A30027A525 /* ExampleUITests */,
				80DE473522A053A20027A525 /* Products */,
				4786718461BE341BCF6BAC4D /* Pods */,
				8724F05FBE254E91215A32AB /* Frameworks */,
			);
			sourceTree = "<group>";
		};
		80DE473522A053A20027A525 /* Products */ = {
			isa = PBXGroup;
			children = (
				80DE473422A053A20027A525 /* Example.app */,
				80DE474C22A053A30027A525 /* ExampleTests.xctest */,
				80DE475722A053A30027A525 /* ExampleUITests.xctest */,
			);
			name = Products;
			sourceTree = "<group>";
		};
		80DE473622A053A20027A525 /* Example */ = {
			isa = PBXGroup;
			children = (
				80DE473722A053A20027A525 /* AppDelegate.h */,
				80DE473822A053A20027A525 /* AppDelegate.m */,
				80DE473A22A053A20027A525 /* ViewController.h */,
				80DE473B22A053A20027A525 /* ViewController.m */,
				80DE473D22A053A20027A525 /* Main.storyboard */,
				80DE474022A053A30027A525 /* Assets.xcassets */,
				80DE474222A053A30027A525 /* LaunchScreen.storyboard */,
				80DE474522A053A30027A525 /* Info.plist */,
				80DE474622A053A30027A525 /* main.m */,
			);
			path = Example;
			sourceTree = "<group>";
		};
		80DE474F22A053A30027A525 /* ExampleTests */ = {
			isa = PBXGroup;
			children = (
				80DE475022A053A30027A525 /* ExampleTests.m */,
				80DE475222A053A30027A525 /* Info.plist */,
			);
			path = ExampleTests;
			sourceTree = "<group>";
		};
		80DE475A22A053A30027A525 /* ExampleUITests */ = {
			isa = PBXGroup;
			children = (
				80DE475B22A053A30027A525 /* ExampleUITests.m */,
				80DE475D22A053A30027A525 /* Info.plist */,
			);
			path = ExampleUITests;
			sourceTree = "<group>";
		};
		8724F05FBE254E91215A32AB /* Frameworks */ = {
			isa = PBXGroup;
			children = (
				B814D64E66323A33D3A6CCC8 /* Pods_Example.framework */,
				06D494025365A7BA25CE259A /* Pods_ExampleTests.framework */,
				43A21D9EBEE0BF5BB9B3BF8A /* Pods_ExampleUITests.framework */,
			);
			name = Frameworks;
			sourceTree = "<group>";
		};
/* End PBXGroup section */

/* Begin PBXNativeTarget section */
		80DE473322A053A20027A525 /* Example */ = {
			isa = PBXNativeTarget;
			buildConfigurationList = 80DE476022A053A30027A525 /* Build configuration list for PBXNativeTarget "Example" */;
			buildPhases = (
				8A27A116969D47B69BB84795 /* [CP] Check Pods Manifest.lock */,
				80DE473022A053A20027A525 /* Sources */,
				80DE473122A053A20027A525 /* Frameworks */,
				80DE473222A053A20027A525 /* Resources */,
				D7454FEAF1C17EDDD7992811 /* [CP] Embed Pods Frameworks */,
			);
			buildRules = (
			);
			dependencies = (
			);
			name = Example;
			productName = Example;
			productReference = 80DE473422A053A20027A525 /* Example.app */;
			productType = "com.apple.product-type.application";
		};
		80DE474B22A053A30027A525 /* ExampleTests */ = {
			isa = PBXNativeTarget;
			buildConfigurationList = 80DE476322A053A30027A525 /* Build configuration list for PBXNativeTarget "ExampleTests" */;
			buildPhases = (
				906987649336F4621B7720BD /* [CP] Check Pods Manifest.lock */,
				80DE474822A053A30027A525 /* Sources */,
				80DE474922A053A30027A525 /* Frameworks */,
				80DE474A22A053A30027A525 /* Resources */,
			);
			buildRules = (
			);
			dependencies = (
				80DE474E22A053A30027A525 /* PBXTargetDependency */,
			);
			name = ExampleTests;
			productName = ExampleTests;
			productReference = 80DE474C22A053A30027A525 /* ExampleTests.xctest */;
			productType = "com.apple.product-type.bundle.unit-test";
		};
		80DE475622A053A30027A525 /* ExampleUITests */ = {
			isa = PBXNativeTarget;
			buildConfigurationList = 80DE476622A053A30027A525 /* Build configuration list for PBXNativeTarget "ExampleUITests" */;
			buildPhases = (
				E39ECECB62CB73380F29F37F /* [CP] Check Pods Manifest.lock */,
				80DE475322A053A30027A525 /* Sources */,
				80DE475422A053A30027A525 /* Frameworks */,
				80DE475522A053A30027A525 /* Resources */,
			);
			buildRules = (
			);
			dependencies = (
				80DE475922A053A30027A525 /* PBXTargetDependency */,
			);
			name = ExampleUITests;
			productName = ExampleUITests;
			productReference = 80DE475722A053A30027A525 /* ExampleUITests.xctest */;
			productType = "com.apple.product-type.bundle.ui-testing";
		};
/* End PBXNativeTarget section */

/* Begin PBXProject section */
		80DE472C22A053A20027A525 /* Project object */ = {
			isa = PBXProject;
			attributes = {
				LastUpgradeCheck = 1020;
				ORGANIZATIONNAME = "Google, LLC.";
				TargetAttributes = {
					80DE473322A053A20027A525 = {
						CreatedOnToolsVersion = 10.2.1;
					};
					80DE474B22A053A30027A525 = {
						CreatedOnToolsVersion = 10.2.1;
						TestTargetID = 80DE473322A053A20027A525;
					};
					80DE475622A053A30027A525 = {
						CreatedOnToolsVersion = 10.2.1;
						TestTargetID = 80DE473322A053A20027A525;
					};
				};
			};
			buildConfigurationList = 80DE472F22A053A20027A525 /* Build configuration list for PBXProject "Example" */;
			compatibilityVersion = "Xcode 9.3";
			developmentRegion = en;
			hasScannedForEncodings = 0;
			knownRegions = (
				en,
				Base,
			);
			mainGroup = 80DE472B22A053A20027A525;
			productRefGroup = 80DE473522A053A20027A525 /* Products */;
			projectDirPath = "";
			projectRoot = "";
			targets = (
				80DE473322A053A20027A525 /* Example */,
				80DE474B22A053A30027A525 /* ExampleTests */,
				80DE475622A053A30027A525 /* ExampleUITests */,
			);
		};
/* End PBXProject section */

/* Begin PBXResourcesBuildPhase section */
		80DE473222A053A20027A525 /* Resources */ = {
			isa = PBXResourcesBuildPhase;
			buildActionMask = 2147483647;
			files = (
				80DE474422A053A30027A525 /* LaunchScreen.storyboard in Resources */,
				80DE474122A053A30027A525 /* Assets.xcassets in Resources */,
				80DE473F22A053A20027A525 /* Main.storyboard in Resources */,
			);
			runOnlyForDeploymentPostprocessing = 0;
		};
		80DE474A22A053A30027A525 /* Resources */ = {
			isa = PBXResourcesBuildPhase;
			buildActionMask = 2147483647;
			files = (
			);
			runOnlyForDeploymentPostprocessing = 0;
		};
		80DE475522A053A30027A525 /* Resources */ = {
			isa = PBXResourcesBuildPhase;
			buildActionMask = 2147483647;
			files = (
			);
			runOnlyForDeploymentPostprocessing = 0;
		};
/* End PBXResourcesBuildPhase section */

/* Begin PBXShellScriptBuildPhase section */
		8A27A116969D47B69BB84795 /* [CP] Check Pods Manifest.lock */ = {
			isa = PBXShellScriptBuildPhase;
			buildActionMask = 2147483647;
			files = (
			);
			inputFileListPaths = (
			);
			inputPaths = (
				"${PODS_PODFILE_DIR_PATH}/Podfile.lock",
				"${PODS_ROOT}/Manifest.lock",
			);
			name = "[CP] Check Pods Manifest.lock";
			outputFileListPaths = (
			);
			outputPaths = (
				"$(DERIVED_FILE_DIR)/Pods-Example-checkManifestLockResult.txt",
			);
			runOnlyForDeploymentPostprocessing = 0;
			shellPath = /bin/sh;
			shellScript = "diff \"${PODS_PODFILE_DIR_PATH}/Podfile.lock\" \"${PODS_ROOT}/Manifest.lock\" > /dev/null\nif [ $? != 0 ] ; then\n    # print error to STDERR\n    echo \"error: The sandbox is not in sync with the Podfile.lock. Run 'pod install' or update your CocoaPods installation.\" >&2\n    exit 1\nfi\n# This output is used by Xcode 'outputs' to avoid re-running this script phase.\necho \"SUCCESS\" > \"${SCRIPT_OUTPUT_FILE_0}\"\n";
			showEnvVarsInLog = 0;
		};
		906987649336F4621B7720BD /* [CP] Check Pods Manifest.lock */ = {
			isa = PBXShellScriptBuildPhase;
			buildActionMask = 2147483647;
			files = (
			);
			inputFileListPaths = (
			);
			inputPaths = (
				"${PODS_PODFILE_DIR_PATH}/Podfile.lock",
				"${PODS_ROOT}/Manifest.lock",
			);
			name = "[CP] Check Pods Manifest.lock";
			outputFileListPaths = (
			);
			outputPaths = (
				"$(DERIVED_FILE_DIR)/Pods-ExampleTests-checkManifestLockResult.txt",
			);
			runOnlyForDeploymentPostprocessing = 0;
			shellPath = /bin/sh;
			shellScript = "diff \"${PODS_PODFILE_DIR_PATH}/Podfile.lock\" \"${PODS_ROOT}/Manifest.lock\" > /dev/null\nif [ $? != 0 ] ; then\n    # print error to STDERR\n    echo \"error: The sandbox is not in sync with the Podfile.lock. Run 'pod install' or update your CocoaPods installation.\" >&2\n    exit 1\nfi\n# This output is used by Xcode 'outputs' to avoid re-running this script phase.\necho \"SUCCESS\" > \"${SCRIPT_OUTPUT_FILE_0}\"\n";
			showEnvVarsInLog = 0;
		};
		D7454FEAF1C17EDDD7992811 /* [CP] Embed Pods Frameworks */ = {
			isa = PBXShellScriptBuildPhase;
			buildActionMask = 2147483647;
			files = (
			);
			inputFileListPaths = (
				"${PODS_ROOT}/Target Support Files/Pods-Example/Pods-Example-frameworks-${CONFIGURATION}-input-files.xcfilelist",
			);
			name = "[CP] Embed Pods Frameworks";
			outputFileListPaths = (
				"${PODS_ROOT}/Target Support Files/Pods-Example/Pods-Example-frameworks-${CONFIGURATION}-output-files.xcfilelist",
			);
			runOnlyForDeploymentPostprocessing = 0;
			shellPath = /bin/sh;
			shellScript = "\"${PODS_ROOT}/Target Support Files/Pods-Example/Pods-Example-frameworks.sh\"\n";
			showEnvVarsInLog = 0;
		};
		E39ECECB62CB73380F29F37F /* [CP] Check Pods Manifest.lock */ = {
			isa = PBXShellScriptBuildPhase;
			buildActionMask = 2147483647;
			files = (
			);
			inputFileListPaths = (
			);
			inputPaths = (
				"${PODS_PODFILE_DIR_PATH}/Podfile.lock",
				"${PODS_ROOT}/Manifest.lock",
			);
			name = "[CP] Check Pods Manifest.lock";
			outputFileListPaths = (
			);
			outputPaths = (
				"$(DERIVED_FILE_DIR)/Pods-ExampleUITests-checkManifestLockResult.txt",
			);
			runOnlyForDeploymentPostprocessing = 0;
			shellPath = /bin/sh;
			shellScript = "diff \"${PODS_PODFILE_DIR_PATH}/Podfile.lock\" \"${PODS_ROOT}/Manifest.lock\" > /dev/null\nif [ $? != 0 ] ; then\n    # print error to STDERR\n    echo \"error: The sandbox is not in sync with the Podfile.lock. Run 'pod install' or update your CocoaPods installation.\" >&2\n    exit 1\nfi\n# This output is used by Xcode 'outputs' to avoid re-running this script phase.\necho \"SUCCESS\" > \"${SCRIPT_OUTPUT_FILE_0}\"\n";
			showEnvVarsInLog = 0;
		};
/* End PBXShellScriptBuildPhase section */

/* Begin PBXSourcesBuildPhase section */
		80DE473022A053A20027A525 /* Sources */ = {
			isa = PBXSourcesBuildPhase;
			buildActionMask = 2147483647;
			files = (
				80DE473C22A053A20027A525 /* ViewController.m in Sources */,
				80DE474722A053A30027A525 /* main.m in Sources */,
				80DE473922A053A20027A525 /* AppDelegate.m in Sources */,
			);
			runOnlyForDeploymentPostprocessing = 0;
		};
		80DE474822A053A30027A525 /* Sources */ = {
			isa = PBXSourcesBuildPhase;
			buildActionMask = 2147483647;
			files = (
				80DE475122A053A30027A525 /* ExampleTests.m in Sources */,
			);
			runOnlyForDeploymentPostprocessing = 0;
		};
		80DE475322A053A30027A525 /* Sources */ = {
			isa = PBXSourcesBuildPhase;
			buildActionMask = 2147483647;
			files = (
				80DE475C22A053A30027A525 /* ExampleUITests.m in Sources */,
			);
			runOnlyForDeploymentPostprocessing = 0;
		};
/* End PBXSourcesBuildPhase section */

/* Begin PBXTargetDependency section */
		80DE474E22A053A30027A525 /* PBXTargetDependency */ = {
			isa = PBXTargetDependency;
			target = 80DE473322A053A20027A525 /* Example */;
			targetProxy = 80DE474D22A053A30027A525 /* PBXContainerItemProxy */;
		};
		80DE475922A053A30027A525 /* PBXTargetDependency */ = {
			isa = PBXTargetDependency;
			target = 80DE473322A053A20027A525 /* Example */;
			targetProxy = 80DE475822A053A30027A525 /* PBXContainerItemProxy */;
		};
/* End PBXTargetDependency section */

/* Begin PBXVariantGroup section */
		80DE473D22A053A20027A525 /* Main.storyboard */ = {
			isa = PBXVariantGroup;
			children = (
				80DE473E22A053A20027A525 /* Base */,
			);
			name = Main.storyboard;
			sourceTree = "<group>";
		};
		80DE474222A053A30027A525 /* LaunchScreen.storyboard */ = {
			isa = PBXVariantGroup;
			children = (
				80DE474322A053A30027A525 /* Base */,
			);
			name = LaunchScreen.storyboard;
			sourceTree = "<group>";
		};
/* End PBXVariantGroup section */

/* Begin XCBuildConfiguration section */
		80DE475E22A053A30027A525 /* Debug */ = {
			isa = XCBuildConfiguration;
			buildSettings = {
				ALWAYS_SEARCH_USER_PATHS = NO;
				CLANG_ANALYZER_NONNULL = YES;
				CLANG_ANALYZER_NUMBER_OBJECT_CONVERSION = YES_AGGRESSIVE;
				CLANG_CXX_LANGUAGE_STANDARD = "gnu++14";
				CLANG_CXX_LIBRARY = "libc++";
				CLANG_ENABLE_MODULES = YES;
				CLANG_ENABLE_OBJC_ARC = YES;
				CLANG_ENABLE_OBJC_WEAK = YES;
				CLANG_WARN_BLOCK_CAPTURE_AUTORELEASING = YES;
				CLANG_WARN_BOOL_CONVERSION = YES;
				CLANG_WARN_COMMA = YES;
				CLANG_WARN_CONSTANT_CONVERSION = YES;
				CLANG_WARN_DEPRECATED_OBJC_IMPLEMENTATIONS = YES;
				CLANG_WARN_DIRECT_OBJC_ISA_USAGE = YES_ERROR;
				CLANG_WARN_DOCUMENTATION_COMMENTS = YES;
				CLANG_WARN_EMPTY_BODY = YES;
				CLANG_WARN_ENUM_CONVERSION = YES;
				CLANG_WARN_INFINITE_RECURSION = YES;
				CLANG_WARN_INT_CONVERSION = YES;
				CLANG_WARN_NON_LITERAL_NULL_CONVERSION = YES;
				CLANG_WARN_OBJC_IMPLICIT_RETAIN_SELF = YES;
				CLANG_WARN_OBJC_LITERAL_CONVERSION = YES;
				CLANG_WARN_OBJC_ROOT_CLASS = YES_ERROR;
				CLANG_WARN_RANGE_LOOP_ANALYSIS = YES;
				CLANG_WARN_STRICT_PROTOTYPES = YES;
				CLANG_WARN_SUSPICIOUS_MOVE = YES;
				CLANG_WARN_UNGUARDED_AVAILABILITY = YES_AGGRESSIVE;
				CLANG_WARN_UNREACHABLE_CODE = YES;
				CLANG_WARN__DUPLICATE_METHOD_MATCH = YES;
				CODE_SIGN_IDENTITY = "iPhone Developer";
				COPY_PHASE_STRIP = NO;
				DEBUG_INFORMATION_FORMAT = dwarf;
				ENABLE_STRICT_OBJC_MSGSEND = YES;
				ENABLE_TESTABILITY = YES;
				GCC_C_LANGUAGE_STANDARD = gnu11;
				GCC_DYNAMIC_NO_PIC = NO;
				GCC_NO_COMMON_BLOCKS = YES;
				GCC_OPTIMIZATION_LEVEL = 0;
				GCC_PREPROCESSOR_DEFINITIONS = (
					"DEBUG=1",
					"$(inherited)",
				);
				GCC_WARN_64_TO_32_BIT_CONVERSION = YES;
				GCC_WARN_ABOUT_RETURN_TYPE = YES_ERROR;
				GCC_WARN_UNDECLARED_SELECTOR = YES;
				GCC_WARN_UNINITIALIZED_AUTOS = YES_AGGRESSIVE;
				GCC_WARN_UNUSED_FUNCTION = YES;
				GCC_WARN_UNUSED_VARIABLE = YES;
				IPHONEOS_DEPLOYMENT_TARGET = 12.2;
				MTL_ENABLE_DEBUG_INFO = INCLUDE_SOURCE;
				MTL_FAST_MATH = YES;
				ONLY_ACTIVE_ARCH = YES;
				SDKROOT = iphoneos;
			};
			name = Debug;
		};
		80DE475F22A053A30027A525 /* Release */ = {
			isa = XCBuildConfiguration;
			buildSettings = {
				ALWAYS_SEARCH_USER_PATHS = NO;
				CLANG_ANALYZER_NONNULL = YES;
				CLANG_ANALYZER_NUMBER_OBJECT_CONVERSION = YES_AGGRESSIVE;
				CLANG_CXX_LANGUAGE_STANDARD = "gnu++14";
				CLANG_CXX_LIBRARY = "libc++";
				CLANG_ENABLE_MODULES = YES;
				CLANG_ENABLE_OBJC_ARC = YES;
				CLANG_ENABLE_OBJC_WEAK = YES;
				CLANG_WARN_BLOCK_CAPTURE_AUTORELEASING = YES;
				CLANG_WARN_BOOL_CONVERSION = YES;
				CLANG_WARN_COMMA = YES;
				CLANG_WARN_CONSTANT_CONVERSION = YES;
				CLANG_WARN_DEPRECATED_OBJC_IMPLEMENTATIONS = YES;
				CLANG_WARN_DIRECT_OBJC_ISA_USAGE = YES_ERROR;
				CLANG_WARN_DOCUMENTATION_COMMENTS = YES;
				CLANG_WARN_EMPTY_BODY = YES;
				CLANG_WARN_ENUM_CONVERSION = YES;
				CLANG_WARN_INFINITE_RECURSION = YES;
				CLANG_WARN_INT_CONVERSION = YES;
				CLANG_WARN_NON_LITERAL_NULL_CONVERSION = YES;
				CLANG_WARN_OBJC_IMPLICIT_RETAIN_SELF = YES;
				CLANG_WARN_OBJC_LITERAL_CONVERSION = YES;
				CLANG_WARN_OBJC_ROOT_CLASS = YES_ERROR;
				CLANG_WARN_RANGE_LOOP_ANALYSIS = YES;
				CLANG_WARN_STRICT_PROTOTYPES = YES;
				CLANG_WARN_SUSPICIOUS_MOVE = YES;
				CLANG_WARN_UNGUARDED_AVAILABILITY = YES_AGGRESSIVE;
				CLANG_WARN_UNREACHABLE_CODE = YES;
				CLANG_WARN__DUPLICATE_METHOD_MATCH = YES;
				CODE_SIGN_IDENTITY = "iPhone Developer";
				COPY_PHASE_STRIP = NO;
				DEBUG_INFORMATION_FORMAT = "dwarf-with-dsym";
				ENABLE_NS_ASSERTIONS = NO;
				ENABLE_STRICT_OBJC_MSGSEND = YES;
				GCC_C_LANGUAGE_STANDARD = gnu11;
				GCC_NO_COMMON_BLOCKS = YES;
				GCC_WARN_64_TO_32_BIT_CONVERSION = YES;
				GCC_WARN_ABOUT_RETURN_TYPE = YES_ERROR;
				GCC_WARN_UNDECLARED_SELECTOR = YES;
				GCC_WARN_UNINITIALIZED_AUTOS = YES_AGGRESSIVE;
				GCC_WARN_UNUSED_FUNCTION = YES;
				GCC_WARN_UNUSED_VARIABLE = YES;
				IPHONEOS_DEPLOYMENT_TARGET = 12.2;
				MTL_ENABLE_DEBUG_INFO = NO;
				MTL_FAST_MATH = YES;
				SDKROOT = iphoneos;
				VALIDATE_PRODUCT = YES;
			};
			name = Release;
		};
		80DE476122A053A30027A525 /* Debug */ = {
			isa = XCBuildConfiguration;
			baseConfigurationReference = DB07E699E0DD58E7533E4FD3 /* Pods-Example.debug.xcconfig */;
			buildSettings = {
				ASSETCATALOG_COMPILER_APPICON_NAME = AppIcon;
				CODE_SIGN_STYLE = Automatic;
				INFOPLIST_FILE = Example/Info.plist;
				LD_RUNPATH_SEARCH_PATHS = (
					"$(inherited)",
					"@executable_path/Frameworks",
				);
				PRODUCT_BUNDLE_IDENTIFIER = com.google.Example;
				PRODUCT_NAME = "$(TARGET_NAME)";
				TARGETED_DEVICE_FAMILY = "1,2";
			};
			name = Debug;
		};
		80DE476222A053A30027A525 /* Release */ = {
			isa = XCBuildConfiguration;
			baseConfigurationReference = AF5A97C7E9D251767A3DB3D1 /* Pods-Example.release.xcconfig */;
			buildSettings = {
				ASSETCATALOG_COMPILER_APPICON_NAME = AppIcon;
				CODE_SIGN_STYLE = Automatic;
				INFOPLIST_FILE = Example/Info.plist;
				LD_RUNPATH_SEARCH_PATHS = (
					"$(inherited)",
					"@executable_path/Frameworks",
				);
				PRODUCT_BUNDLE_IDENTIFIER = com.google.Example;
				PRODUCT_NAME = "$(TARGET_NAME)";
				TARGETED_DEVICE_FAMILY = "1,2";
			};
			name = Release;
		};
		80DE476422A053A30027A525 /* Debug */ = {
			isa = XCBuildConfiguration;
			baseConfigurationReference = 813AE90193EDF0D691D5E5A6 /* Pods-ExampleTests.debug.xcconfig */;
			buildSettings = {
				BUNDLE_LOADER = "$(TEST_HOST)";
				CODE_SIGN_STYLE = Automatic;
				INFOPLIST_FILE = ExampleTests/Info.plist;
				LD_RUNPATH_SEARCH_PATHS = (
					"$(inherited)",
					"@executable_path/Frameworks",
					"@loader_path/Frameworks",
				);
				PRODUCT_BUNDLE_IDENTIFIER = com.google.ExampleTests;
				PRODUCT_NAME = "$(TARGET_NAME)";
				TARGETED_DEVICE_FAMILY = "1,2";
				TEST_HOST = "$(BUILT_PRODUCTS_DIR)/Example.app/Example";
			};
			name = Debug;
		};
		80DE476522A053A30027A525 /* Release */ = {
			isa = XCBuildConfiguration;
			baseConfigurationReference = 656FD7A7E5CCFC4A7C4F5BF5 /* Pods-ExampleTests.release.xcconfig */;
			buildSettings = {
				BUNDLE_LOADER = "$(TEST_HOST)";
				CODE_SIGN_STYLE = Automatic;
				INFOPLIST_FILE = ExampleTests/Info.plist;
				LD_RUNPATH_SEARCH_PATHS = (
					"$(inherited)",
					"@executable_path/Frameworks",
					"@loader_path/Frameworks",
				);
				PRODUCT_BUNDLE_IDENTIFIER = com.google.ExampleTests;
				PRODUCT_NAME = "$(TARGET_NAME)";
				TARGETED_DEVICE_FAMILY = "1,2";
				TEST_HOST = "$(BUILT_PRODUCTS_DIR)/Example.app/Example";
			};
			name = Release;
		};
		80DE476722A053A30027A525 /* Debug */ = {
			isa = XCBuildConfiguration;
			baseConfigurationReference = 8606631A6103A936E6DA3699 /* Pods-ExampleUITests.debug.xcconfig */;
			buildSettings = {
				CODE_SIGN_STYLE = Automatic;
				INFOPLIST_FILE = ExampleUITests/Info.plist;
				LD_RUNPATH_SEARCH_PATHS = (
					"$(inherited)",
					"@executable_path/Frameworks",
					"@loader_path/Frameworks",
				);
				PRODUCT_BUNDLE_IDENTIFIER = com.google.ExampleUITests;
				PRODUCT_NAME = "$(TARGET_NAME)";
				TARGETED_DEVICE_FAMILY = "1,2";
				TEST_TARGET_NAME = Example;
			};
			name = Debug;
		};
		80DE476822A053A30027A525 /* Release */ = {
			isa = XCBuildConfiguration;
			baseConfigurationReference = D5907533DBF1C1B537F88B2A /* Pods-ExampleUITests.release.xcconfig */;
			buildSettings = {
				CODE_SIGN_STYLE = Automatic;
				INFOPLIST_FILE = ExampleUITests/Info.plist;
				LD_RUNPATH_SEARCH_PATHS = (
					"$(inherited)",
					"@executable_path/Frameworks",
					"@loader_path/Frameworks",
				);
				PRODUCT_BUNDLE_IDENTIFIER = com.google.ExampleUITests;
				PRODUCT_NAME = "$(TARGET_NAME)";
				TARGETED_DEVICE_FAMILY = "1,2";
				TEST_TARGET_NAME = Example;
			};
			name = Release;
		};
/* End XCBuildConfiguration section */

/* Begin XCConfigurationList section */
		80DE472F22A053A20027A525 /* Build configuration list for PBXProject "Example" */ = {
			isa = XCConfigurationList;
			buildConfigurations = (
				80DE475E22A053A30027A525 /* Debug */,
				80DE475F22A053A30027A525 /* Release */,
			);
			defaultConfigurationIsVisible = 0;
			defaultConfigurationName = Release;
		};
		80DE476022A053A30027A525 /* Build configuration list for PBXNativeTarget "Example" */ = {
			isa = XCConfigurationList;
			buildConfigurations = (
				80DE476122A053A30027A525 /* Debug */,
				80DE476222A053A30027A525 /* Release */,
			);
			defaultConfigurationIsVisible = 0;
			defaultConfigurationName = Release;
		};
		80DE476322A053A30027A525 /* Build configuration list for PBXNativeTarget "ExampleTests" */ = {
			isa = XCConfigurationList;
			buildConfigurations = (
				80DE476422A053A30027A525 /* Debug */,
				80DE476522A053A30027A525 /* Release */,
			);
			defaultConfigurationIsVisible = 0;
			defaultConfigurationName = Release;
		};
		80DE476622A053A30027A525 /* Build configuration list for PBXNativeTarget "ExampleUITests" */ = {
			isa = XCConfigurationList;
			buildConfigurations = (
				80DE476722A053A30027A525 /* Debug */,
				80DE476822A053A30027A525 /* Release */,
			);
			defaultConfigurationIsVisible = 0;
			defaultConfigurationName = Release;
		};
/* End XCConfigurationList section */
	};
	rootObject = 80DE472C22A053A20027A525 /* Project object */;
}
